// !$*UTF8*$!
{
	archiveVersion = 1;
	classes = {
	};
	objectVersion = 50;
	objects = {

/* Begin PBXBuildFile section */
		084B8CD42569BF240048C61F /* AppDelegate.swift in Sources */ = {isa = PBXBuildFile; fileRef = 084B8CD32569BF240048C61F /* AppDelegate.swift */; };
		084B8CD62569BF240048C61F /* SceneDelegate.swift in Sources */ = {isa = PBXBuildFile; fileRef = 084B8CD52569BF240048C61F /* SceneDelegate.swift */; };
		084B8CD82569BF240048C61F /* ViewController.swift in Sources */ = {isa = PBXBuildFile; fileRef = 084B8CD72569BF240048C61F /* ViewController.swift */; };
		084B8CDB2569BF240048C61F /* Main.storyboard in Resources */ = {isa = PBXBuildFile; fileRef = 084B8CD92569BF240048C61F /* Main.storyboard */; };
		084B8CDD2569BF250048C61F /* Assets.xcassets in Resources */ = {isa = PBXBuildFile; fileRef = 084B8CDC2569BF250048C61F /* Assets.xcassets */; };
		084B8CE02569BF250048C61F /* LaunchScreen.storyboard in Resources */ = {isa = PBXBuildFile; fileRef = 084B8CDE2569BF250048C61F /* LaunchScreen.storyboard */; };
		084B8CEB2569BF250048C61F /* highFiveTests.swift in Sources */ = {isa = PBXBuildFile; fileRef = 084B8CEA2569BF250048C61F /* highFiveTests.swift */; };
		084B8CF62569BF250048C61F /* highFiveUITests.swift in Sources */ = {isa = PBXBuildFile; fileRef = 084B8CF52569BF250048C61F /* highFiveUITests.swift */; };
		084B8D142569CD7E0048C61F /* LightBrownViewController.swift in Sources */ = {isa = PBXBuildFile; fileRef = 084B8D132569CD7E0048C61F /* LightBrownViewController.swift */; };
		084B8D192569CD8D0048C61F /* DarkBrownViewController.swift in Sources */ = {isa = PBXBuildFile; fileRef = 084B8D182569CD8D0048C61F /* DarkBrownViewController.swift */; };
		084B8D1E2569CD9A0048C61F /* WhiteViewController.swift in Sources */ = {isa = PBXBuildFile; fileRef = 084B8D1D2569CD9A0048C61F /* WhiteViewController.swift */; };
		084B8D382569D7BB0048C61F /* Clap.mp3 in Resources */ = {isa = PBXBuildFile; fileRef = 084B8D372569D7BB0048C61F /* Clap.mp3 */; };
/* End PBXBuildFile section */

/* Begin PBXContainerItemProxy section */
		084B8CE72569BF250048C61F /* PBXContainerItemProxy */ = {
			isa = PBXContainerItemProxy;
			containerPortal = 084B8CC82569BF240048C61F /* Project object */;
			proxyType = 1;
			remoteGlobalIDString = 084B8CCF2569BF240048C61F;
			remoteInfo = highFive;
		};
		084B8CF22569BF250048C61F /* PBXContainerItemProxy */ = {
			isa = PBXContainerItemProxy;
			containerPortal = 084B8CC82569BF240048C61F /* Project object */;
			proxyType = 1;
			remoteGlobalIDString = 084B8CCF2569BF240048C61F;
			remoteInfo = highFive;
		};
/* End PBXContainerItemProxy section */

/* Begin PBXFileReference section */
		084B8CD02569BF240048C61F /* highFive.app */ = {isa = PBXFileReference; explicitFileType = wrapper.application; includeInIndex = 0; path = highFive.app; sourceTree = BUILT_PRODUCTS_DIR; };
		084B8CD32569BF240048C61F /* AppDelegate.swift */ = {isa = PBXFileReference; lastKnownFileType = sourcecode.swift; path = AppDelegate.swift; sourceTree = "<group>"; };
		084B8CD52569BF240048C61F /* SceneDelegate.swift */ = {isa = PBXFileReference; lastKnownFileType = sourcecode.swift; path = SceneDelegate.swift; sourceTree = "<group>"; };
		084B8CD72569BF240048C61F /* ViewController.swift */ = {isa = PBXFileReference; lastKnownFileType = sourcecode.swift; path = ViewController.swift; sourceTree = "<group>"; };
		084B8CDA2569BF240048C61F /* Base */ = {isa = PBXFileReference; lastKnownFileType = file.storyboard; name = Base; path = Base.lproj/Main.storyboard; sourceTree = "<group>"; };
		084B8CDC2569BF250048C61F /* Assets.xcassets */ = {isa = PBXFileReference; lastKnownFileType = folder.assetcatalog; path = Assets.xcassets; sourceTree = "<group>"; };
		084B8CDF2569BF250048C61F /* Base */ = {isa = PBXFileReference; lastKnownFileType = file.storyboard; name = Base; path = Base.lproj/LaunchScreen.storyboard; sourceTree = "<group>"; };
		084B8CE12569BF250048C61F /* Info.plist */ = {isa = PBXFileReference; lastKnownFileType = text.plist.xml; path = Info.plist; sourceTree = "<group>"; };
		084B8CE62569BF250048C61F /* highFiveTests.xctest */ = {isa = PBXFileReference; explicitFileType = wrapper.cfbundle; includeInIndex = 0; path = highFiveTests.xctest; sourceTree = BUILT_PRODUCTS_DIR; };
		084B8CEA2569BF250048C61F /* highFiveTests.swift */ = {isa = PBXFileReference; lastKnownFileType = sourcecode.swift; path = highFiveTests.swift; sourceTree = "<group>"; };
		084B8CEC2569BF250048C61F /* Info.plist */ = {isa = PBXFileReference; lastKnownFileType = text.plist.xml; path = Info.plist; sourceTree = "<group>"; };
		084B8CF12569BF250048C61F /* highFiveUITests.xctest */ = {isa = PBXFileReference; explicitFileType = wrapper.cfbundle; includeInIndex = 0; path = highFiveUITests.xctest; sourceTree = BUILT_PRODUCTS_DIR; };
		084B8CF52569BF250048C61F /* highFiveUITests.swift */ = {isa = PBXFileReference; lastKnownFileType = sourcecode.swift; path = highFiveUITests.swift; sourceTree = "<group>"; };
		084B8CF72569BF250048C61F /* Info.plist */ = {isa = PBXFileReference; lastKnownFileType = text.plist.xml; path = Info.plist; sourceTree = "<group>"; };
		084B8D132569CD7E0048C61F /* LightBrownViewController.swift */ = {isa = PBXFileReference; lastKnownFileType = sourcecode.swift; path = LightBrownViewController.swift; sourceTree = "<group>"; };
		084B8D182569CD8D0048C61F /* DarkBrownViewController.swift */ = {isa = PBXFileReference; lastKnownFileType = sourcecode.swift; path = DarkBrownViewController.swift; sourceTree = "<group>"; };
		084B8D1D2569CD9A0048C61F /* WhiteViewController.swift */ = {isa = PBXFileReference; lastKnownFileType = sourcecode.swift; path = WhiteViewController.swift; sourceTree = "<group>"; };
		084B8D372569D7BB0048C61F /* Clap.mp3 */ = {isa = PBXFileReference; lastKnownFileType = audio.mp3; path = Clap.mp3; sourceTree = "<group>"; };
/* End PBXFileReference section */

/* Begin PBXFrameworksBuildPhase section */
		084B8CCD2569BF240048C61F /* Frameworks */ = {
			isa = PBXFrameworksBuildPhase;
			buildActionMask = 2147483647;
			files = (
			);
			runOnlyForDeploymentPostprocessing = 0;
		};
		084B8CE32569BF250048C61F /* Frameworks */ = {
			isa = PBXFrameworksBuildPhase;
			buildActionMask = 2147483647;
			files = (
			);
			runOnlyForDeploymentPostprocessing = 0;
		};
		084B8CEE2569BF250048C61F /* Frameworks */ = {
			isa = PBXFrameworksBuildPhase;
			buildActionMask = 2147483647;
			files = (
			);
			runOnlyForDeploymentPostprocessing = 0;
		};
/* End PBXFrameworksBuildPhase section */

/* Begin PBXGroup section */
		084B8CC72569BF240048C61F = {
			isa = PBXGroup;
			children = (
				084B8CD22569BF240048C61F /* highFive */,
				084B8CE92569BF250048C61F /* highFiveTests */,
				084B8CF42569BF250048C61F /* highFiveUITests */,
				084B8CD12569BF240048C61F /* Products */,
			);
			sourceTree = "<group>";
		};
		084B8CD12569BF240048C61F /* Products */ = {
			isa = PBXGroup;
			children = (
				084B8CD02569BF240048C61F /* highFive.app */,
				084B8CE62569BF250048C61F /* highFiveTests.xctest */,
				084B8CF12569BF250048C61F /* highFiveUITests.xctest */,
			);
			name = Products;
			sourceTree = "<group>";
		};
		084B8CD22569BF240048C61F /* highFive */ = {
			isa = PBXGroup;
			children = (
				084B8CD32569BF240048C61F /* AppDelegate.swift */,
				084B8CD52569BF240048C61F /* SceneDelegate.swift */,
				084B8CD72569BF240048C61F /* ViewController.swift */,
				084B8CD92569BF240048C61F /* Main.storyboard */,
				084B8D222569D4250048C61F /* Sounds */,
				084B8D1D2569CD9A0048C61F /* WhiteViewController.swift */,
				084B8D182569CD8D0048C61F /* DarkBrownViewController.swift */,
				084B8D132569CD7E0048C61F /* LightBrownViewController.swift */,
				084B8CDC2569BF250048C61F /* Assets.xcassets */,
				084B8CDE2569BF250048C61F /* LaunchScreen.storyboard */,
				084B8CE12569BF250048C61F /* Info.plist */,
			);
			path = highFive;
			sourceTree = "<group>";
		};
		084B8CE92569BF250048C61F /* highFiveTests */ = {
			isa = PBXGroup;
			children = (
				084B8CEA2569BF250048C61F /* highFiveTests.swift */,
				084B8CEC2569BF250048C61F /* Info.plist */,
			);
			path = highFiveTests;
			sourceTree = "<group>";
		};
		084B8CF42569BF250048C61F /* highFiveUITests */ = {
			isa = PBXGroup;
			children = (
				084B8CF52569BF250048C61F /* highFiveUITests.swift */,
				084B8CF72569BF250048C61F /* Info.plist */,
			);
			path = highFiveUITests;
			sourceTree = "<group>";
		};
		084B8D222569D4250048C61F /* Sounds */ = {
			isa = PBXGroup;
			children = (
				084B8D372569D7BB0048C61F /* Clap.mp3 */,
			);
			path = Sounds;
			sourceTree = "<group>";
		};
/* End PBXGroup section */

/* Begin PBXNativeTarget section */
		084B8CCF2569BF240048C61F /* highFive */ = {
			isa = PBXNativeTarget;
			buildConfigurationList = 084B8CFA2569BF250048C61F /* Build configuration list for PBXNativeTarget "highFive" */;
			buildPhases = (
				084B8CCC2569BF240048C61F /* Sources */,
				084B8CCD2569BF240048C61F /* Frameworks */,
				084B8CCE2569BF240048C61F /* Resources */,
			);
			buildRules = (
			);
			dependencies = (
			);
			name = highFive;
			productName = highFive;
			productReference = 084B8CD02569BF240048C61F /* highFive.app */;
			productType = "com.apple.product-type.application";
		};
		084B8CE52569BF250048C61F /* highFiveTests */ = {
			isa = PBXNativeTarget;
			buildConfigurationList = 084B8CFD2569BF250048C61F /* Build configuration list for PBXNativeTarget "highFiveTests" */;
			buildPhases = (
				084B8CE22569BF250048C61F /* Sources */,
				084B8CE32569BF250048C61F /* Frameworks */,
				084B8CE42569BF250048C61F /* Resources */,
			);
			buildRules = (
			);
			dependencies = (
				084B8CE82569BF250048C61F /* PBXTargetDependency */,
			);
			name = highFiveTests;
			productName = highFiveTests;
			productReference = 084B8CE62569BF250048C61F /* highFiveTests.xctest */;
			productType = "com.apple.product-type.bundle.unit-test";
		};
		084B8CF02569BF250048C61F /* highFiveUITests */ = {
			isa = PBXNativeTarget;
			buildConfigurationList = 084B8D002569BF250048C61F /* Build configuration list for PBXNativeTarget "highFiveUITests" */;
			buildPhases = (
				084B8CED2569BF250048C61F /* Sources */,
				084B8CEE2569BF250048C61F /* Frameworks */,
				084B8CEF2569BF250048C61F /* Resources */,
			);
			buildRules = (
			);
			dependencies = (
				084B8CF32569BF250048C61F /* PBXTargetDependency */,
			);
			name = highFiveUITests;
			productName = highFiveUITests;
			productReference = 084B8CF12569BF250048C61F /* highFiveUITests.xctest */;
			productType = "com.apple.product-type.bundle.ui-testing";
		};
/* End PBXNativeTarget section */

/* Begin PBXProject section */
		084B8CC82569BF240048C61F /* Project object */ = {
			isa = PBXProject;
			attributes = {
				LastSwiftUpdateCheck = 1220;
				LastUpgradeCheck = 1220;
				TargetAttributes = {
					084B8CCF2569BF240048C61F = {
						CreatedOnToolsVersion = 12.2;
					};
					084B8CE52569BF250048C61F = {
						CreatedOnToolsVersion = 12.2;
						TestTargetID = 084B8CCF2569BF240048C61F;
					};
					084B8CF02569BF250048C61F = {
						CreatedOnToolsVersion = 12.2;
						TestTargetID = 084B8CCF2569BF240048C61F;
					};
				};
			};
			buildConfigurationList = 084B8CCB2569BF240048C61F /* Build configuration list for PBXProject "highFive" */;
			compatibilityVersion = "Xcode 9.3";
			developmentRegion = en;
			hasScannedForEncodings = 0;
			knownRegions = (
				en,
				Base,
			);
			mainGroup = 084B8CC72569BF240048C61F;
			productRefGroup = 084B8CD12569BF240048C61F /* Products */;
			projectDirPath = "";
			projectRoot = "";
			targets = (
				084B8CCF2569BF240048C61F /* highFive */,
				084B8CE52569BF250048C61F /* highFiveTests */,
				084B8CF02569BF250048C61F /* highFiveUITests */,
			);
		};
/* End PBXProject section */

/* Begin PBXResourcesBuildPhase section */
		084B8CCE2569BF240048C61F /* Resources */ = {
			isa = PBXResourcesBuildPhase;
			buildActionMask = 2147483647;
			files = (
				084B8CE02569BF250048C61F /* LaunchScreen.storyboard in Resources */,
				084B8CDD2569BF250048C61F /* Assets.xcassets in Resources */,
				084B8D382569D7BB0048C61F /* Clap.mp3 in Resources */,
				084B8CDB2569BF240048C61F /* Main.storyboard in Resources */,
			);
			runOnlyForDeploymentPostprocessing = 0;
		};
		084B8CE42569BF250048C61F /* Resources */ = {
			isa = PBXResourcesBuildPhase;
			buildActionMask = 2147483647;
			files = (
			);
			runOnlyForDeploymentPostprocessing = 0;
		};
		084B8CEF2569BF250048C61F /* Resources */ = {
			isa = PBXResourcesBuildPhase;
			buildActionMask = 2147483647;
			files = (
			);
			runOnlyForDeploymentPostprocessing = 0;
		};
/* End PBXResourcesBuildPhase section */

/* Begin PBXSourcesBuildPhase section */
		084B8CCC2569BF240048C61F /* Sources */ = {
			isa = PBXSourcesBuildPhase;
			buildActionMask = 2147483647;
			files = (
				084B8D142569CD7E0048C61F /* LightBrownViewController.swift in Sources */,
				084B8D192569CD8D0048C61F /* DarkBrownViewController.swift in Sources */,
				084B8CD82569BF240048C61F /* ViewController.swift in Sources */,
				084B8CD42569BF240048C61F /* AppDelegate.swift in Sources */,
				084B8D1E2569CD9A0048C61F /* WhiteViewController.swift in Sources */,
				084B8CD62569BF240048C61F /* SceneDelegate.swift in Sources */,
			);
			runOnlyForDeploymentPostprocessing = 0;
		};
		084B8CE22569BF250048C61F /* Sources */ = {
			isa = PBXSourcesBuildPhase;
			buildActionMask = 2147483647;
			files = (
				084B8CEB2569BF250048C61F /* highFiveTests.swift in Sources */,
			);
			runOnlyForDeploymentPostprocessing = 0;
		};
		084B8CED2569BF250048C61F /* Sources */ = {
			isa = PBXSourcesBuildPhase;
			buildActionMask = 2147483647;
			files = (
				084B8CF62569BF250048C61F /* highFiveUITests.swift in Sources */,
			);
			runOnlyForDeploymentPostprocessing = 0;
		};
/* End PBXSourcesBuildPhase section */

/* Begin PBXTargetDependency section */
		084B8CE82569BF250048C61F /* PBXTargetDependency */ = {
			isa = PBXTargetDependency;
			target = 084B8CCF2569BF240048C61F /* highFive */;
			targetProxy = 084B8CE72569BF250048C61F /* PBXContainerItemProxy */;
		};
		084B8CF32569BF250048C61F /* PBXTargetDependency */ = {
			isa = PBXTargetDependency;
			target = 084B8CCF2569BF240048C61F /* highFive */;
			targetProxy = 084B8CF22569BF250048C61F /* PBXContainerItemProxy */;
		};
/* End PBXTargetDependency section */

/* Begin PBXVariantGroup section */
		084B8CD92569BF240048C61F /* Main.storyboard */ = {
			isa = PBXVariantGroup;
			children = (
				084B8CDA2569BF240048C61F /* Base */,
			);
			name = Main.storyboard;
			sourceTree = "<group>";
		};
		084B8CDE2569BF250048C61F /* LaunchScreen.storyboard */ = {
			isa = PBXVariantGroup;
			children = (
				084B8CDF2569BF250048C61F /* Base */,
			);
			name = LaunchScreen.storyboard;
			sourceTree = "<group>";
		};
/* End PBXVariantGroup section */

/* Begin XCBuildConfiguration section */
		084B8CF82569BF250048C61F /* Debug */ = {
			isa = XCBuildConfiguration;
			buildSettings = {
				ALWAYS_SEARCH_USER_PATHS = NO;
				CLANG_ANALYZER_NONNULL = YES;
				CLANG_ANALYZER_NUMBER_OBJECT_CONVERSION = YES_AGGRESSIVE;
				CLANG_CXX_LANGUAGE_STANDARD = "gnu++14";
				CLANG_CXX_LIBRARY = "libc++";
				CLANG_ENABLE_MODULES = YES;
				CLANG_ENABLE_OBJC_ARC = YES;
				CLANG_ENABLE_OBJC_WEAK = YES;
				CLANG_WARN_BLOCK_CAPTURE_AUTORELEASING = YES;
				CLANG_WARN_BOOL_CONVERSION = YES;
				CLANG_WARN_COMMA = YES;
				CLANG_WARN_CONSTANT_CONVERSION = YES;
				CLANG_WARN_DEPRECATED_OBJC_IMPLEMENTATIONS = YES;
				CLANG_WARN_DIRECT_OBJC_ISA_USAGE = YES_ERROR;
				CLANG_WARN_DOCUMENTATION_COMMENTS = YES;
				CLANG_WARN_EMPTY_BODY = YES;
				CLANG_WARN_ENUM_CONVERSION = YES;
				CLANG_WARN_INFINITE_RECURSION = YES;
				CLANG_WARN_INT_CONVERSION = YES;
				CLANG_WARN_NON_LITERAL_NULL_CONVERSION = YES;
				CLANG_WARN_OBJC_IMPLICIT_RETAIN_SELF = YES;
				CLANG_WARN_OBJC_LITERAL_CONVERSION = YES;
				CLANG_WARN_OBJC_ROOT_CLASS = YES_ERROR;
				CLANG_WARN_QUOTED_INCLUDE_IN_FRAMEWORK_HEADER = YES;
				CLANG_WARN_RANGE_LOOP_ANALYSIS = YES;
				CLANG_WARN_STRICT_PROTOTYPES = YES;
				CLANG_WARN_SUSPICIOUS_MOVE = YES;
				CLANG_WARN_UNGUARDED_AVAILABILITY = YES_AGGRESSIVE;
				CLANG_WARN_UNREACHABLE_CODE = YES;
				CLANG_WARN__DUPLICATE_METHOD_MATCH = YES;
				COPY_PHASE_STRIP = NO;
				DEBUG_INFORMATION_FORMAT = dwarf;
				ENABLE_STRICT_OBJC_MSGSEND = YES;
				ENABLE_TESTABILITY = YES;
				GCC_C_LANGUAGE_STANDARD = gnu11;
				GCC_DYNAMIC_NO_PIC = NO;
				GCC_NO_COMMON_BLOCKS = YES;
				GCC_OPTIMIZATION_LEVEL = 0;
				GCC_PREPROCESSOR_DEFINITIONS = (
					"DEBUG=1",
					"$(inherited)",
				);
				GCC_WARN_64_TO_32_BIT_CONVERSION = YES;
				GCC_WARN_ABOUT_RETURN_TYPE = YES_ERROR;
				GCC_WARN_UNDECLARED_SELECTOR = YES;
				GCC_WARN_UNINITIALIZED_AUTOS = YES_AGGRESSIVE;
				GCC_WARN_UNUSED_FUNCTION = YES;
				GCC_WARN_UNUSED_VARIABLE = YES;
				IPHONEOS_DEPLOYMENT_TARGET = 14.2;
				MTL_ENABLE_DEBUG_INFO = INCLUDE_SOURCE;
				MTL_FAST_MATH = YES;
				ONLY_ACTIVE_ARCH = YES;
				SDKROOT = iphoneos;
				SWIFT_ACTIVE_COMPILATION_CONDITIONS = DEBUG;
				SWIFT_OPTIMIZATION_LEVEL = "-Onone";
			};
			name = Debug;
		};
		084B8CF92569BF250048C61F /* Release */ = {
			isa = XCBuildConfiguration;
			buildSettings = {
				ALWAYS_SEARCH_USER_PATHS = NO;
				CLANG_ANALYZER_NONNULL = YES;
				CLANG_ANALYZER_NUMBER_OBJECT_CONVERSION = YES_AGGRESSIVE;
				CLANG_CXX_LANGUAGE_STANDARD = "gnu++14";
				CLANG_CXX_LIBRARY = "libc++";
				CLANG_ENABLE_MODULES = YES;
				CLANG_ENABLE_OBJC_ARC = YES;
				CLANG_ENABLE_OBJC_WEAK = YES;
				CLANG_WARN_BLOCK_CAPTURE_AUTORELEASING = YES;
				CLANG_WARN_BOOL_CONVERSION = YES;
				CLANG_WARN_COMMA = YES;
				CLANG_WARN_CONSTANT_CONVERSION = YES;
				CLANG_WARN_DEPRECATED_OBJC_IMPLEMENTATIONS = YES;
				CLANG_WARN_DIRECT_OBJC_ISA_USAGE = YES_ERROR;
				CLANG_WARN_DOCUMENTATION_COMMENTS = YES;
				CLANG_WARN_EMPTY_BODY = YES;
				CLANG_WARN_ENUM_CONVERSION = YES;
				CLANG_WARN_INFINITE_RECURSION = YES;
				CLANG_WARN_INT_CONVERSION = YES;
				CLANG_WARN_NON_LITERAL_NULL_CONVERSION = YES;
				CLANG_WARN_OBJC_IMPLICIT_RETAIN_SELF = YES;
				CLANG_WARN_OBJC_LITERAL_CONVERSION = YES;
				CLANG_WARN_OBJC_ROOT_CLASS = YES_ERROR;
				CLANG_WARN_QUOTED_INCLUDE_IN_FRAMEWORK_HEADER = YES;
				CLANG_WARN_RANGE_LOOP_ANALYSIS = YES;
				CLANG_WARN_STRICT_PROTOTYPES = YES;
				CLANG_WARN_SUSPICIOUS_MOVE = YES;
				CLANG_WARN_UNGUARDED_AVAILABILITY = YES_AGGRESSIVE;
				CLANG_WARN_UNREACHABLE_CODE = YES;
				CLANG_WARN__DUPLICATE_METHOD_MATCH = YES;
				COPY_PHASE_STRIP = NO;
				DEBUG_INFORMATION_FORMAT = "dwarf-with-dsym";
				ENABLE_NS_ASSERTIONS = NO;
				ENABLE_STRICT_OBJC_MSGSEND = YES;
				GCC_C_LANGUAGE_STANDARD = gnu11;
				GCC_NO_COMMON_BLOCKS = YES;
				GCC_WARN_64_TO_32_BIT_CONVERSION = YES;
				GCC_WARN_ABOUT_RETURN_TYPE = YES_ERROR;
				GCC_WARN_UNDECLARED_SELECTOR = YES;
				GCC_WARN_UNINITIALIZED_AUTOS = YES_AGGRESSIVE;
				GCC_WARN_UNUSED_FUNCTION = YES;
				GCC_WARN_UNUSED_VARIABLE = YES;
				IPHONEOS_DEPLOYMENT_TARGET = 14.2;
				MTL_ENABLE_DEBUG_INFO = NO;
				MTL_FAST_MATH = YES;
				SDKROOT = iphoneos;
				SWIFT_COMPILATION_MODE = wholemodule;
				SWIFT_OPTIMIZATION_LEVEL = "-O";
				VALIDATE_PRODUCT = YES;
			};
			name = Release;
		};
		084B8CFB2569BF250048C61F /* Debug */ = {
			isa = XCBuildConfiguration;
			buildSettings = {
				ASSETCATALOG_COMPILER_APPICON_NAME = AppIcon;
				ASSETCATALOG_COMPILER_GLOBAL_ACCENT_COLOR_NAME = AccentColor;
				CODE_SIGN_STYLE = Automatic;
				DEVELOPMENT_TEAM = 2LRCYD6X5S;
				INFOPLIST_FILE = highFive/Info.plist;
				LD_RUNPATH_SEARCH_PATHS = (
					"$(inherited)",
					"@executable_path/Frameworks",
				);
				PRODUCT_BUNDLE_IDENTIFIER = com.hosnaqasmei.MyFirstApp;
				PRODUCT_NAME = "$(TARGET_NAME)";
				SWIFT_VERSION = 5.0;
				TARGETED_DEVICE_FAMILY = "1,2";
			};
			name = Debug;
		};
		084B8CFC2569BF250048C61F /* Release */ = {
			isa = XCBuildConfiguration;
			buildSettings = {
				ASSETCATALOG_COMPILER_APPICON_NAME = AppIcon;
				ASSETCATALOG_COMPILER_GLOBAL_ACCENT_COLOR_NAME = AccentColor;
				CODE_SIGN_STYLE = Automatic;
				DEVELOPMENT_TEAM = 2LRCYD6X5S;
				INFOPLIST_FILE = highFive/Info.plist;
				LD_RUNPATH_SEARCH_PATHS = (
					"$(inherited)",
					"@executable_path/Frameworks",
				);
				PRODUCT_BUNDLE_IDENTIFIER = com.hosnaqasmei.MyFirstApp;
				PRODUCT_NAME = "$(TARGET_NAME)";
				SWIFT_VERSION = 5.0;
				TARGETED_DEVICE_FAMILY = "1,2";
			};
			name = Release;
		};
		084B8CFE2569BF250048C61F /* Debug */ = {
			isa = XCBuildConfiguration;
			buildSettings = {
				ALWAYS_EMBED_SWIFT_STANDARD_LIBRARIES = YES;
				BUNDLE_LOADER = "$(TEST_HOST)";
				CODE_SIGN_STYLE = Automatic;
				DEVELOPMENT_TEAM = 2LRCYD6X5S;
				INFOPLIST_FILE = highFiveTests/Info.plist;
				IPHONEOS_DEPLOYMENT_TARGET = 14.2;
				LD_RUNPATH_SEARCH_PATHS = (
					"$(inherited)",
					"@executable_path/Frameworks",
					"@loader_path/Frameworks",
				);
				PRODUCT_BUNDLE_IDENTIFIER = com.hosnaqasmei.highFiveTests;
				PRODUCT_NAME = "$(TARGET_NAME)";
				SWIFT_VERSION = 5.0;
				TARGETED_DEVICE_FAMILY = "1,2";
				TEST_HOST = "$(BUILT_PRODUCTS_DIR)/highFive.app/highFive";
			};
			name = Debug;
		};
		084B8CFF2569BF250048C61F /* Release */ = {
			isa = XCBuildConfiguration;
			buildSettings = {
				ALWAYS_EMBED_SWIFT_STANDARD_LIBRARIES = YES;
				BUNDLE_LOADER = "$(TEST_HOST)";
				CODE_SIGN_STYLE = Automatic;
				DEVELOPMENT_TEAM = 2LRCYD6X5S;
				INFOPLIST_FILE = highFiveTests/Info.plist;
				IPHONEOS_DEPLOYMENT_TARGET = 14.2;
				LD_RUNPATH_SEARCH_PATHS = (
					"$(inherited)",
					"@executable_path/Frameworks",
					"@loader_path/Frameworks",
				);
				PRODUCT_BUNDLE_IDENTIFIER = com.hosnaqasmei.highFiveTests;
				PRODUCT_NAME = "$(TARGET_NAME)";
				SWIFT_VERSION = 5.0;
				TARGETED_DEVICE_FAMILY = "1,2";
				TEST_HOST = "$(BUILT_PRODUCTS_DIR)/highFive.app/highFive";
			};
			name = Release;
		};
		084B8D012569BF250048C61F /* Debug */ = {
			isa = XCBuildConfiguration;
			buildSettings = {
				ALWAYS_EMBED_SWIFT_STANDARD_LIBRARIES = YES;
				CODE_SIGN_STYLE = Automatic;
				DEVELOPMENT_TEAM = 2LRCYD6X5S;
				INFOPLIST_FILE = highFiveUITests/Info.plist;
				LD_RUNPATH_SEARCH_PATHS = (
					"$(inherited)",
					"@executable_path/Frameworks",
					"@loader_path/Frameworks",
				);
				PRODUCT_BUNDLE_IDENTIFIER = com.hosnaqasmei.highFiveUITests;
				PRODUCT_NAME = "$(TARGET_NAME)";
				SWIFT_VERSION = 5.0;
				TARGETED_DEVICE_FAMILY = "1,2";
				TEST_TARGET_NAME = highFive;
			};
			name = Debug;
		};
		084B8D022569BF250048C61F /* Release */ = {
			isa = XCBuildConfiguration;
			buildSettings = {
				ALWAYS_EMBED_SWIFT_STANDARD_LIBRARIES = YES;
				CODE_SIGN_STYLE = Automatic;
				DEVELOPMENT_TEAM = 2LRCYD6X5S;
				INFOPLIST_FILE = highFiveUITests/Info.plist;
				LD_RUNPATH_SEARCH_PATHS = (
					"$(inherited)",
					"@executable_path/Frameworks",
					"@loader_path/Frameworks",
				);
				PRODUCT_BUNDLE_IDENTIFIER = com.hosnaqasmei.highFiveUITests;
				PRODUCT_NAME = "$(TARGET_NAME)";
				SWIFT_VERSION = 5.0;
				TARGETED_DEVICE_FAMILY = "1,2";
				TEST_TARGET_NAME = highFive;
			};
			name = Release;
		};
/* End XCBuildConfiguration section */

/* Begin XCConfigurationList section */
		084B8CCB2569BF240048C61F /* Build configuration list for PBXProject "highFive" */ = {
			isa = XCConfigurationList;
			buildConfigurations = (
				084B8CF82569BF250048C61F /* Debug */,
				084B8CF92569BF250048C61F /* Release */,
			);
			defaultConfigurationIsVisible = 0;
			defaultConfigurationName = Release;
		};
		084B8CFA2569BF250048C61F /* Build configuration list for PBXNativeTarget "highFive" */ = {
			isa = XCConfigurationList;
			buildConfigurations = (
				084B8CFB2569BF250048C61F /* Debug */,
				084B8CFC2569BF250048C61F /* Release */,
			);
			defaultConfigurationIsVisible = 0;
			defaultConfigurationName = Release;
		};
		084B8CFD2569BF250048C61F /* Build configuration list for PBXNativeTarget "highFiveTests" */ = {
			isa = XCConfigurationList;
			buildConfigurations = (
				084B8CFE2569BF250048C61F /* Debug */,
				084B8CFF2569BF250048C61F /* Release */,
			);
			defaultConfigurationIsVisible = 0;
			defaultConfigurationName = Release;
		};
		084B8D002569BF250048C61F /* Build configuration list for PBXNativeTarget "highFiveUITests" */ = {
			isa = XCConfigurationList;
			buildConfigurations = (
				084B8D012569BF250048C61F /* Debug */,
				084B8D022569BF250048C61F /* Release */,
			);
			defaultConfigurationIsVisible = 0;
			defaultConfigurationName = Release;
		};
/* End XCConfigurationList section */
	};
	rootObject = 084B8CC82569BF240048C61F /* Project object */;
}
